
Microsoft Visual Studio Solution File, Format Version 10.00
# Visual Studio 2008
Project("{FAE04EC0-301F-11D3-BF4B-00C04F79EFBC}") = "GenericPanTilt", "GenericPanTilt.csproj", "{12AC423F-5B26-4DD7-A55F-D1D77AC7A5C6}"
EndProject
Project("{FAE04EC0-301F-11D3-BF4B-00C04F79EFBC}") = "PanTiltCam", "..\PanTiltCam\PanTiltCam.csproj", "{EC9E1E4D-E21D-41D5-9B2A-29EA9BF80A36}"
EndProject
Global
	GlobalSection(SolutionConfigurationPlatforms) = preSolution
		Debug|Any CPU = Debug|Any CPU
		Release|Any CPU = Release|Any CPU
	EndGlobalSection
	GlobalSection(ProjectConfigurationPlatforms) = postSolution
		{12AC423F-5B26-4DD7-A55F-D1D77AC7A5C6}.Debug|Any CPU.ActiveCfg = Debug|Any CPU
		{12AC423F-5B26-4DD7-A55F-D1D77AC7A5C6}.Debug|Any CPU.Build.0 = Debug|Any CPU
		{12AC423F-5B26-4DD7-A55F-D1D77AC7A5C6}.Release|Any CPU.ActiveCfg = Release|Any CPU
		{12AC423F-5B26-4DD7-A55F-D1D77AC7A5C6}.Release|Any CPU.Build.0 = Release|Any CPU
		{EC9E1E4D-E21D-41D5-9B2A-29EA9BF80A36}.Debug|Any CPU.ActiveCfg = Debug|Any CPU
		{EC9E1E4D-E21D-41D5-9B2A-29EA9BF80A36}.Debug|Any CPU.Build.0 = Debug|Any CPU
		{EC9E1E4D-E21D-41D5-9B2A-29EA9BF80A36}.Release|Any CPU.ActiveCfg = Release|Any CPU
		{EC9E1E4D-E21D-41D5-9B2A-29EA9BF80A36}.Release|Any CPU.Build.0 = Release|Any CPU
	EndGlobalSection
	GlobalSection(SolutionProperties) = preSolution
		HideSolutionNode = FALSE
	EndGlobalSection
EndGlobal
